
Microsoft Visual Studio Solution File, Format Version 11.00
# Visual Studio 2010
Project("{FAE04EC0-301F-11D3-BF4B-00C04F79EFBC}") = "JWFramework", "Assembly-CSharp.csproj", "{5AC0CF92-0C02-6987-17FA-0A7D3FD36915}"
EndProject
Global
	GlobalSection(SolutionConfigurationPlatforms) = preSolution
		Debug|Any CPU = Debug|Any CPU
		Release|Any CPU = Release|Any CPU
	EndGlobalSection
	GlobalSection(ProjectConfigurationPlatforms) = postSolution
		{5AC0CF92-0C02-6987-17FA-0A7D3FD36915}.Debug|Any CPU.ActiveCfg = Debug|Any CPU
		{5AC0CF92-0C02-6987-17FA-0A7D3FD36915}.Debug|Any CPU.Build.0 = Debug|Any CPU
		{5AC0CF92-0C02-6987-17FA-0A7D3FD36915}.Release|Any CPU.ActiveCfg = Release|Any CPU
		{5AC0CF92-0C02-6987-17FA-0A7D3FD36915}.Release|Any CPU.Build.0 = Release|Any CPU
	EndGlobalSection
	GlobalSection(SolutionProperties) = preSolution
		HideSolutionNode = FALSE
	EndGlobalSection
	GlobalSection(MonoDevelopProperties) = preSolution
		StartupItem = Assembly-CSharp.csproj
	EndGlobalSection
EndGlobal
